
Microsoft Visual Studio Solution File, Format Version 12.00
# Visual Studio Version 17
VisualStudioVersion = 17.4.33122.133
MinimumVisualStudioVersion = 10.0.40219.1
Project("{FAE04EC0-301F-11D3-BF4B-00C04F79EFBC}") = "EmployeesCh12", "EmployeesCh12.csproj", "{BFFBD8EE-003C-4D9F-9C7E-3A02B25C7EB0}"
EndProject
Global
	GlobalSection(SolutionConfigurationPlatforms) = preSolution
		Debug|Any CPU = Debug|Any CPU
		Release|Any CPU = Release|Any CPU
	EndGlobalSection
	GlobalSection(ProjectConfigurationPlatforms) = postSolution
		{BFFBD8EE-003C-4D9F-9C7E-3A02B25C7EB0}.Debug|Any CPU.ActiveCfg = Debug|Any CPU
		{BFFBD8EE-003C-4D9F-9C7E-3A02B25C7EB0}.Debug|Any CPU.Build.0 = Debug|Any CPU
		{BFFBD8EE-003C-4D9F-9C7E-3A02B25C7EB0}.Release|Any CPU.ActiveCfg = Release|Any CPU
		{BFFBD8EE-003C-4D9F-9C7E-3A02B25C7EB0}.Release|Any CPU.Build.0 = Release|Any CPU
	EndGlobalSection
	GlobalSection(SolutionProperties) = preSolution
		HideSolutionNode = FALSE
	EndGlobalSection
	GlobalSection(ExtensibilityGlobals) = postSolution
		SolutionGuid = {A4BEDEFC-D0CD-45E9-B6DB-80897EE98773}
	EndGlobalSection
EndGlobal
